
Microsoft Visual Studio Solution File, Format Version 12.00
# Visual Studio Version 17
VisualStudioVersion = 17.5.33414.496
MinimumVisualStudioVersion = 10.0.40219.1
Project("{FAE04EC0-301F-11D3-BF4B-00C04F79EFBC}") = "TP_MOD8_1302213121", "TP_MOD8_1302213121\TP_MOD8_1302213121.csproj", "{1EDA980F-CD4D-496E-B493-7DA05529C6C3}"
EndProject
Global
	GlobalSection(SolutionConfigurationPlatforms) = preSolution
		Debug|Any CPU = Debug|Any CPU
		Release|Any CPU = Release|Any CPU
	EndGlobalSection
	GlobalSection(ProjectConfigurationPlatforms) = postSolution
		{1EDA980F-CD4D-496E-B493-7DA05529C6C3}.Debug|Any CPU.ActiveCfg = Debug|Any CPU
		{1EDA980F-CD4D-496E-B493-7DA05529C6C3}.Debug|Any CPU.Build.0 = Debug|Any CPU
		{1EDA980F-CD4D-496E-B493-7DA05529C6C3}.Release|Any CPU.ActiveCfg = Release|Any CPU
		{1EDA980F-CD4D-496E-B493-7DA05529C6C3}.Release|Any CPU.Build.0 = Release|Any CPU
	EndGlobalSection
	GlobalSection(SolutionProperties) = preSolution
		HideSolutionNode = FALSE
	EndGlobalSection
	GlobalSection(ExtensibilityGlobals) = postSolution
		SolutionGuid = {DD50332E-E5A8-4288-A2F8-4F19E839D7D7}
	EndGlobalSection
EndGlobal
